
Microsoft Visual Studio Solution File, Format Version 12.00
# Visual Studio Version 16
VisualStudioVersion = 16.0.31729.503
MinimumVisualStudioVersion = 10.0.40219.1
Project("{FAE04EC0-301F-11D3-BF4B-00C04F79EFBC}") = "SquareDungeon", "SquareDungeon\SquareDungeon.csproj", "{C356BC99-7AD3-4514-8898-22E2AB41E42A}"
EndProject
Global
	GlobalSection(SolutionConfigurationPlatforms) = preSolution
		Debug|Any CPU = Debug|Any CPU
		Release|Any CPU = Release|Any CPU
	EndGlobalSection
	GlobalSection(ProjectConfigurationPlatforms) = postSolution
		{C356BC99-7AD3-4514-8898-22E2AB41E42A}.Debug|Any CPU.ActiveCfg = Debug|Any CPU
		{C356BC99-7AD3-4514-8898-22E2AB41E42A}.Debug|Any CPU.Build.0 = Debug|Any CPU
		{C356BC99-7AD3-4514-8898-22E2AB41E42A}.Release|Any CPU.ActiveCfg = Release|Any CPU
		{C356BC99-7AD3-4514-8898-22E2AB41E42A}.Release|Any CPU.Build.0 = Release|Any CPU
	EndGlobalSection
	GlobalSection(SolutionProperties) = preSolution
		HideSolutionNode = FALSE
	EndGlobalSection
	GlobalSection(ExtensibilityGlobals) = postSolution
		SolutionGuid = {BC28753A-D384-4B05-8789-3232A872026D}
	EndGlobalSection
EndGlobal
